// !$*UTF8*$!
{
	archiveVersion = 1;
	classes = {
	};
	objectVersion = 46;
	objects = {

/* Begin PBXBuildFile section */
		453CE0D81C66938800C044D0 /* disk_utility.png in Resources */ = {isa = PBXBuildFile; fileRef = 453CE0D71C66938800C044D0 /* disk_utility.png */; };
		453CE0E21C66B03500C044D0 /* MainMenu.xib in Resources */ = {isa = PBXBuildFile; fileRef = 453CE0E11C66B03500C044D0 /* MainMenu.xib */; };
		4587EDBC1C64185B0064A816 /* AppDelegate.m in Sources */ = {isa = PBXBuildFile; fileRef = 4587EDBB1C64185B0064A816 /* AppDelegate.m */; };
		4587EDBF1C64185B0064A816 /* main.m in Sources */ = {isa = PBXBuildFile; fileRef = 4587EDBE1C64185B0064A816 /* main.m */; };
		4587EDC41C64185B0064A816 /* Assets.xcassets in Resources */ = {isa = PBXBuildFile; fileRef = 4587EDC31C64185B0064A816 /* Assets.xcassets */; };
		4587EDD21C64185B0064A816 /* Mac_Multi_ToolTests.m in Sources */ = {isa = PBXBuildFile; fileRef = 4587EDD11C64185B0064A816 /* Mac_Multi_ToolTests.m */; };
		4587EDDD1C64185B0064A816 /* Mac_Multi_ToolUITests.m in Sources */ = {isa = PBXBuildFile; fileRef = 4587EDDC1C64185B0064A816 /* Mac_Multi_ToolUITests.m */; };
		4587EDEC1C642C380064A816 /* CNOutlineView.m in Sources */ = {isa = PBXBuildFile; fileRef = 4587EDEB1C642C380064A816 /* CNOutlineView.m */; };
		45BDE8D91C657AD7003F31B4 /* CNDiskList.m in Sources */ = {isa = PBXBuildFile; fileRef = 45BDE8D81C657AD7003F31B4 /* CNDiskList.m */; };
		45BDE8DC1C658DC1003F31B4 /* CNDiskRep.m in Sources */ = {isa = PBXBuildFile; fileRef = 45BDE8DB1C658DC1003F31B4 /* CNDiskRep.m */; };
		45C308FF1C66B53000235F05 /* DiskUtilityController.xib in Resources */ = {isa = PBXBuildFile; fileRef = 45C308FE1C66B53000235F05 /* DiskUtilityController.xib */; };
		45C309021C66B5A800235F05 /* DiskUtilityController.m in Sources */ = {isa = PBXBuildFile; fileRef = 45C309011C66B5A800235F05 /* DiskUtilityController.m */; };
		45C3090C1C66DF5600235F05 /* CNPopoverController.m in Sources */ = {isa = PBXBuildFile; fileRef = 45C3090A1C66DF5600235F05 /* CNPopoverController.m */; };
		45C3090D1C66DF5600235F05 /* CNPopoverController.xib in Resources */ = {isa = PBXBuildFile; fileRef = 45C3090B1C66DF5600235F05 /* CNPopoverController.xib */; };
/* End PBXBuildFile section */

/* Begin PBXContainerItemProxy section */
		4587EDCE1C64185B0064A816 /* PBXContainerItemProxy */ = {
			isa = PBXContainerItemProxy;
			containerPortal = 4587EDAF1C64185B0064A816 /* Project object */;
			proxyType = 1;
			remoteGlobalIDString = 4587EDB61C64185B0064A816;
			remoteInfo = "Mac Multi-Tool";
		};
		4587EDD91C64185B0064A816 /* PBXContainerItemProxy */ = {
			isa = PBXContainerItemProxy;
			containerPortal = 4587EDAF1C64185B0064A816 /* Project object */;
			proxyType = 1;
			remoteGlobalIDString = 4587EDB61C64185B0064A816;
			remoteInfo = "Mac Multi-Tool";
		};
/* End PBXContainerItemProxy section */

/* Begin PBXFileReference section */
		453CE0D71C66938800C044D0 /* disk_utility.png */ = {isa = PBXFileReference; lastKnownFileType = image.png; name = disk_utility.png; path = Images/disk_utility.png; sourceTree = "<group>"; };
		453CE0E11C66B03500C044D0 /* MainMenu.xib */ = {isa = PBXFileReference; fileEncoding = 4; lastKnownFileType = file.xib; path = MainMenu.xib; sourceTree = "<group>"; };
		4587EDB71C64185B0064A816 /* Mac Multi-Tool.app */ = {isa = PBXFileReference; explicitFileType = wrapper.application; includeInIndex = 0; path = "Mac Multi-Tool.app"; sourceTree = BUILT_PRODUCTS_DIR; };
		4587EDBA1C64185B0064A816 /* AppDelegate.h */ = {isa = PBXFileReference; lastKnownFileType = sourcecode.c.h; path = AppDelegate.h; sourceTree = "<group>"; };
		4587EDBB1C64185B0064A816 /* AppDelegate.m */ = {isa = PBXFileReference; lastKnownFileType = sourcecode.c.objc; path = AppDelegate.m; sourceTree = "<group>"; };
		4587EDBE1C64185B0064A816 /* main.m */ = {isa = PBXFileReference; lastKnownFileType = sourcecode.c.objc; path = main.m; sourceTree = "<group>"; };
		4587EDC31C64185B0064A816 /* Assets.xcassets */ = {isa = PBXFileReference; lastKnownFileType = folder.assetcatalog; path = Assets.xcassets; sourceTree = "<group>"; };
		4587EDC81C64185B0064A816 /* Info.plist */ = {isa = PBXFileReference; lastKnownFileType = text.plist.xml; path = Info.plist; sourceTree = "<group>"; };
		4587EDCD1C64185B0064A816 /* Mac Multi-ToolTests.xctest */ = {isa = PBXFileReference; explicitFileType = wrapper.cfbundle; includeInIndex = 0; path = "Mac Multi-ToolTests.xctest"; sourceTree = BUILT_PRODUCTS_DIR; };
		4587EDD11C64185B0064A816 /* Mac_Multi_ToolTests.m */ = {isa = PBXFileReference; lastKnownFileType = sourcecode.c.objc; path = Mac_Multi_ToolTests.m; sourceTree = "<group>"; };
		4587EDD31C64185B0064A816 /* Info.plist */ = {isa = PBXFileReference; lastKnownFileType = text.plist.xml; path = Info.plist; sourceTree = "<group>"; };
		4587EDD81C64185B0064A816 /* Mac Multi-ToolUITests.xctest */ = {isa = PBXFileReference; explicitFileType = wrapper.cfbundle; includeInIndex = 0; path = "Mac Multi-ToolUITests.xctest"; sourceTree = BUILT_PRODUCTS_DIR; };
		4587EDDC1C64185B0064A816 /* Mac_Multi_ToolUITests.m */ = {isa = PBXFileReference; lastKnownFileType = sourcecode.c.objc; path = Mac_Multi_ToolUITests.m; sourceTree = "<group>"; };
		4587EDDE1C64185B0064A816 /* Info.plist */ = {isa = PBXFileReference; lastKnownFileType = text.plist.xml; path = Info.plist; sourceTree = "<group>"; };
		4587EDEA1C642C380064A816 /* CNOutlineView.h */ = {isa = PBXFileReference; fileEncoding = 4; lastKnownFileType = sourcecode.c.h; path = CNOutlineView.h; sourceTree = "<group>"; };
		4587EDEB1C642C380064A816 /* CNOutlineView.m */ = {isa = PBXFileReference; fileEncoding = 4; lastKnownFileType = sourcecode.c.objc; path = CNOutlineView.m; sourceTree = "<group>"; };
		45BDE8D71C657AD7003F31B4 /* CNDiskList.h */ = {isa = PBXFileReference; fileEncoding = 4; lastKnownFileType = sourcecode.c.h; path = CNDiskList.h; sourceTree = "<group>"; };
		45BDE8D81C657AD7003F31B4 /* CNDiskList.m */ = {isa = PBXFileReference; fileEncoding = 4; lastKnownFileType = sourcecode.c.objc; path = CNDiskList.m; sourceTree = "<group>"; };
		45BDE8DA1C658DC1003F31B4 /* CNDiskRep.h */ = {isa = PBXFileReference; fileEncoding = 4; lastKnownFileType = sourcecode.c.h; path = CNDiskRep.h; sourceTree = "<group>"; };
		45BDE8DB1C658DC1003F31B4 /* CNDiskRep.m */ = {isa = PBXFileReference; fileEncoding = 4; lastKnownFileType = sourcecode.c.objc; path = CNDiskRep.m; sourceTree = "<group>"; };
		45C308FE1C66B53000235F05 /* DiskUtilityController.xib */ = {isa = PBXFileReference; fileEncoding = 4; lastKnownFileType = file.xib; path = DiskUtilityController.xib; sourceTree = "<group>"; };
		45C309001C66B5A800235F05 /* DiskUtilityController.h */ = {isa = PBXFileReference; fileEncoding = 4; lastKnownFileType = sourcecode.c.h; path = DiskUtilityController.h; sourceTree = "<group>"; };
		45C309011C66B5A800235F05 /* DiskUtilityController.m */ = {isa = PBXFileReference; fileEncoding = 4; lastKnownFileType = sourcecode.c.objc; path = DiskUtilityController.m; sourceTree = "<group>"; };
		45C309091C66DF5600235F05 /* CNPopoverController.h */ = {isa = PBXFileReference; fileEncoding = 4; lastKnownFileType = sourcecode.c.h; path = CNPopoverController.h; sourceTree = "<group>"; };
		45C3090A1C66DF5600235F05 /* CNPopoverController.m */ = {isa = PBXFileReference; fileEncoding = 4; lastKnownFileType = sourcecode.c.objc; path = CNPopoverController.m; sourceTree = "<group>"; };
		45C3090B1C66DF5600235F05 /* CNPopoverController.xib */ = {isa = PBXFileReference; fileEncoding = 4; lastKnownFileType = file.xib; path = CNPopoverController.xib; sourceTree = "<group>"; };
/* End PBXFileReference section */

/* Begin PBXFrameworksBuildPhase section */
		4587EDB41C64185B0064A816 /* Frameworks */ = {
			isa = PBXFrameworksBuildPhase;
			buildActionMask = 2147483647;
			files = (
			);
			runOnlyForDeploymentPostprocessing = 0;
		};
		4587EDCA1C64185B0064A816 /* Frameworks */ = {
			isa = PBXFrameworksBuildPhase;
			buildActionMask = 2147483647;
			files = (
			);
			runOnlyForDeploymentPostprocessing = 0;
		};
		4587EDD51C64185B0064A816 /* Frameworks */ = {
			isa = PBXFrameworksBuildPhase;
			buildActionMask = 2147483647;
			files = (
			);
			runOnlyForDeploymentPostprocessing = 0;
		};
/* End PBXFrameworksBuildPhase section */

/* Begin PBXGroup section */
		453CE0D61C66937D00C044D0 /* Images */ = {
			isa = PBXGroup;
			children = (
				453CE0D71C66938800C044D0 /* disk_utility.png */,
			);
			name = Images;
			sourceTree = "<group>";
		};
		4587EDAE1C64185B0064A816 = {
			isa = PBXGroup;
			children = (
				4587EDB91C64185B0064A816 /* Mac Multi-Tool */,
				4587EDD01C64185B0064A816 /* Mac Multi-ToolTests */,
				4587EDDB1C64185B0064A816 /* Mac Multi-ToolUITests */,
				4587EDB81C64185B0064A816 /* Products */,
			);
			sourceTree = "<group>";
		};
		4587EDB81C64185B0064A816 /* Products */ = {
			isa = PBXGroup;
			children = (
				4587EDB71C64185B0064A816 /* Mac Multi-Tool.app */,
				4587EDCD1C64185B0064A816 /* Mac Multi-ToolTests.xctest */,
				4587EDD81C64185B0064A816 /* Mac Multi-ToolUITests.xctest */,
			);
			name = Products;
			sourceTree = "<group>";
		};
		4587EDB91C64185B0064A816 /* Mac Multi-Tool */ = {
			isa = PBXGroup;
			children = (
				45C309081C66DF2E00235F05 /* CNPopoverController */,
				45C309031C66B5B000235F05 /* Disk Utility */,
				453CE0D61C66937D00C044D0 /* Images */,
				4587EDBA1C64185B0064A816 /* AppDelegate.h */,
				4587EDBB1C64185B0064A816 /* AppDelegate.m */,
				45BDE8D71C657AD7003F31B4 /* CNDiskList.h */,
				45BDE8D81C657AD7003F31B4 /* CNDiskList.m */,
				45BDE8DA1C658DC1003F31B4 /* CNDiskRep.h */,
				45BDE8DB1C658DC1003F31B4 /* CNDiskRep.m */,
				4587EDC31C64185B0064A816 /* Assets.xcassets */,
				453CE0E11C66B03500C044D0 /* MainMenu.xib */,
				4587EDEA1C642C380064A816 /* CNOutlineView.h */,
				4587EDEB1C642C380064A816 /* CNOutlineView.m */,
				4587EDC81C64185B0064A816 /* Info.plist */,
				4587EDBD1C64185B0064A816 /* Supporting Files */,
			);
			path = "Mac Multi-Tool";
			sourceTree = "<group>";
		};
		4587EDBD1C64185B0064A816 /* Supporting Files */ = {
			isa = PBXGroup;
			children = (
				4587EDBE1C64185B0064A816 /* main.m */,
			);
			name = "Supporting Files";
			sourceTree = "<group>";
		};
		4587EDD01C64185B0064A816 /* Mac Multi-ToolTests */ = {
			isa = PBXGroup;
			children = (
				4587EDD11C64185B0064A816 /* Mac_Multi_ToolTests.m */,
				4587EDD31C64185B0064A816 /* Info.plist */,
			);
			path = "Mac Multi-ToolTests";
			sourceTree = "<group>";
		};
		4587EDDB1C64185B0064A816 /* Mac Multi-ToolUITests */ = {
			isa = PBXGroup;
			children = (
				4587EDDC1C64185B0064A816 /* Mac_Multi_ToolUITests.m */,
				4587EDDE1C64185B0064A816 /* Info.plist */,
			);
			path = "Mac Multi-ToolUITests";
			sourceTree = "<group>";
		};
		45C309031C66B5B000235F05 /* Disk Utility */ = {
			isa = PBXGroup;
			children = (
				45C309001C66B5A800235F05 /* DiskUtilityController.h */,
				45C309011C66B5A800235F05 /* DiskUtilityController.m */,
				45C308FE1C66B53000235F05 /* DiskUtilityController.xib */,
			);
			name = "Disk Utility";
			sourceTree = "<group>";
		};
		45C309081C66DF2E00235F05 /* CNPopoverController */ = {
			isa = PBXGroup;
			children = (
				45C309091C66DF5600235F05 /* CNPopoverController.h */,
				45C3090A1C66DF5600235F05 /* CNPopoverController.m */,
				45C3090B1C66DF5600235F05 /* CNPopoverController.xib */,
			);
			name = CNPopoverController;
			sourceTree = "<group>";
		};
/* End PBXGroup section */

/* Begin PBXNativeTarget section */
		4587EDB61C64185B0064A816 /* Mac Multi-Tool */ = {
			isa = PBXNativeTarget;
			buildConfigurationList = 4587EDE11C64185B0064A816 /* Build configuration list for PBXNativeTarget "Mac Multi-Tool" */;
			buildPhases = (
				4587EDB31C64185B0064A816 /* Sources */,
				4587EDB41C64185B0064A816 /* Frameworks */,
				4587EDB51C64185B0064A816 /* Resources */,
			);
			buildRules = (
			);
			dependencies = (
			);
			name = "Mac Multi-Tool";
			productName = "Mac Multi-Tool";
			productReference = 4587EDB71C64185B0064A816 /* Mac Multi-Tool.app */;
			productType = "com.apple.product-type.application";
		};
		4587EDCC1C64185B0064A816 /* Mac Multi-ToolTests */ = {
			isa = PBXNativeTarget;
			buildConfigurationList = 4587EDE41C64185B0064A816 /* Build configuration list for PBXNativeTarget "Mac Multi-ToolTests" */;
			buildPhases = (
				4587EDC91C64185B0064A816 /* Sources */,
				4587EDCA1C64185B0064A816 /* Frameworks */,
				4587EDCB1C64185B0064A816 /* Resources */,
			);
			buildRules = (
			);
			dependencies = (
				4587EDCF1C64185B0064A816 /* PBXTargetDependency */,
			);
			name = "Mac Multi-ToolTests";
			productName = "Mac Multi-ToolTests";
			productReference = 4587EDCD1C64185B0064A816 /* Mac Multi-ToolTests.xctest */;
			productType = "com.apple.product-type.bundle.unit-test";
		};
		4587EDD71C64185B0064A816 /* Mac Multi-ToolUITests */ = {
			isa = PBXNativeTarget;
			buildConfigurationList = 4587EDE71C64185B0064A816 /* Build configuration list for PBXNativeTarget "Mac Multi-ToolUITests" */;
			buildPhases = (
				4587EDD41C64185B0064A816 /* Sources */,
				4587EDD51C64185B0064A816 /* Frameworks */,
				4587EDD61C64185B0064A816 /* Resources */,
			);
			buildRules = (
			);
			dependencies = (
				4587EDDA1C64185B0064A816 /* PBXTargetDependency */,
			);
			name = "Mac Multi-ToolUITests";
			productName = "Mac Multi-ToolUITests";
			productReference = 4587EDD81C64185B0064A816 /* Mac Multi-ToolUITests.xctest */;
			productType = "com.apple.product-type.bundle.ui-testing";
		};
/* End PBXNativeTarget section */

/* Begin PBXProject section */
		4587EDAF1C64185B0064A816 /* Project object */ = {
			isa = PBXProject;
			attributes = {
				LastUpgradeCheck = 0720;
				ORGANIZATIONNAME = "Corporate Newt Software";
				TargetAttributes = {
					4587EDB61C64185B0064A816 = {
						CreatedOnToolsVersion = 7.2.1;
					};
					4587EDCC1C64185B0064A816 = {
						CreatedOnToolsVersion = 7.2.1;
						TestTargetID = 4587EDB61C64185B0064A816;
					};
					4587EDD71C64185B0064A816 = {
						CreatedOnToolsVersion = 7.2.1;
						TestTargetID = 4587EDB61C64185B0064A816;
					};
				};
			};
			buildConfigurationList = 4587EDB21C64185B0064A816 /* Build configuration list for PBXProject "Mac Multi-Tool" */;
			compatibilityVersion = "Xcode 3.2";
			developmentRegion = English;
			hasScannedForEncodings = 0;
			knownRegions = (
				en,
				Base,
			);
			mainGroup = 4587EDAE1C64185B0064A816;
			productRefGroup = 4587EDB81C64185B0064A816 /* Products */;
			projectDirPath = "";
			projectRoot = "";
			targets = (
				4587EDB61C64185B0064A816 /* Mac Multi-Tool */,
				4587EDCC1C64185B0064A816 /* Mac Multi-ToolTests */,
				4587EDD71C64185B0064A816 /* Mac Multi-ToolUITests */,
			);
		};
/* End PBXProject section */

/* Begin PBXResourcesBuildPhase section */
		4587EDB51C64185B0064A816 /* Resources */ = {
			isa = PBXResourcesBuildPhase;
			buildActionMask = 2147483647;
			files = (
				45C308FF1C66B53000235F05 /* DiskUtilityController.xib in Resources */,
				45C3090D1C66DF5600235F05 /* CNPopoverController.xib in Resources */,
				4587EDC41C64185B0064A816 /* Assets.xcassets in Resources */,
				453CE0E21C66B03500C044D0 /* MainMenu.xib in Resources */,
				453CE0D81C66938800C044D0 /* disk_utility.png in Resources */,
			);
			runOnlyForDeploymentPostprocessing = 0;
		};
		4587EDCB1C64185B0064A816 /* Resources */ = {
			isa = PBXResourcesBuildPhase;
			buildActionMask = 2147483647;
			files = (
			);
			runOnlyForDeploymentPostprocessing = 0;
		};
		4587EDD61C64185B0064A816 /* Resources */ = {
			isa = PBXResourcesBuildPhase;
			buildActionMask = 2147483647;
			files = (
			);
			runOnlyForDeploymentPostprocessing = 0;
		};
/* End PBXResourcesBuildPhase section */

/* Begin PBXSourcesBuildPhase section */
		4587EDB31C64185B0064A816 /* Sources */ = {
			isa = PBXSourcesBuildPhase;
			buildActionMask = 2147483647;
			files = (
				45BDE8D91C657AD7003F31B4 /* CNDiskList.m in Sources */,
				4587EDBF1C64185B0064A816 /* main.m in Sources */,
				45C309021C66B5A800235F05 /* DiskUtilityController.m in Sources */,
				45C3090C1C66DF5600235F05 /* CNPopoverController.m in Sources */,
				45BDE8DC1C658DC1003F31B4 /* CNDiskRep.m in Sources */,
				4587EDEC1C642C380064A816 /* CNOutlineView.m in Sources */,
				4587EDBC1C64185B0064A816 /* AppDelegate.m in Sources */,
			);
			runOnlyForDeploymentPostprocessing = 0;
		};
		4587EDC91C64185B0064A816 /* Sources */ = {
			isa = PBXSourcesBuildPhase;
			buildActionMask = 2147483647;
			files = (
				4587EDD21C64185B0064A816 /* Mac_Multi_ToolTests.m in Sources */,
			);
			runOnlyForDeploymentPostprocessing = 0;
		};
		4587EDD41C64185B0064A816 /* Sources */ = {
			isa = PBXSourcesBuildPhase;
			buildActionMask = 2147483647;
			files = (
				4587EDDD1C64185B0064A816 /* Mac_Multi_ToolUITests.m in Sources */,
			);
			runOnlyForDeploymentPostprocessing = 0;
		};
/* End PBXSourcesBuildPhase section */

/* Begin PBXTargetDependency section */
		4587EDCF1C64185B0064A816 /* PBXTargetDependency */ = {
			isa = PBXTargetDependency;
			target = 4587EDB61C64185B0064A816 /* Mac Multi-Tool */;
			targetProxy = 4587EDCE1C64185B0064A816 /* PBXContainerItemProxy */;
		};
		4587EDDA1C64185B0064A816 /* PBXTargetDependency */ = {
			isa = PBXTargetDependency;
			target = 4587EDB61C64185B0064A816 /* Mac Multi-Tool */;
			targetProxy = 4587EDD91C64185B0064A816 /* PBXContainerItemProxy */;
		};
/* End PBXTargetDependency section */

/* Begin XCBuildConfiguration section */
		4587EDDF1C64185B0064A816 /* Debug */ = {
			isa = XCBuildConfiguration;
			buildSettings = {
				ALWAYS_SEARCH_USER_PATHS = NO;
				CLANG_CXX_LANGUAGE_STANDARD = "gnu++0x";
				CLANG_CXX_LIBRARY = "libc++";
				CLANG_ENABLE_MODULES = YES;
				CLANG_ENABLE_OBJC_ARC = YES;
				CLANG_WARN_BOOL_CONVERSION = YES;
				CLANG_WARN_CONSTANT_CONVERSION = YES;
				CLANG_WARN_DIRECT_OBJC_ISA_USAGE = YES_ERROR;
				CLANG_WARN_EMPTY_BODY = YES;
				CLANG_WARN_ENUM_CONVERSION = YES;
				CLANG_WARN_INT_CONVERSION = YES;
				CLANG_WARN_OBJC_ROOT_CLASS = YES_ERROR;
				CLANG_WARN_UNREACHABLE_CODE = YES;
				CLANG_WARN__DUPLICATE_METHOD_MATCH = YES;
				CODE_SIGN_IDENTITY = "-";
				COPY_PHASE_STRIP = NO;
				DEBUG_INFORMATION_FORMAT = dwarf;
				ENABLE_STRICT_OBJC_MSGSEND = YES;
				ENABLE_TESTABILITY = YES;
				GCC_C_LANGUAGE_STANDARD = gnu99;
				GCC_DYNAMIC_NO_PIC = NO;
				GCC_NO_COMMON_BLOCKS = YES;
				GCC_OPTIMIZATION_LEVEL = 0;
				GCC_PREPROCESSOR_DEFINITIONS = (
					"DEBUG=1",
					"$(inherited)",
				);
				GCC_WARN_64_TO_32_BIT_CONVERSION = YES;
				GCC_WARN_ABOUT_RETURN_TYPE = YES_ERROR;
				GCC_WARN_UNDECLARED_SELECTOR = YES;
				GCC_WARN_UNINITIALIZED_AUTOS = YES_AGGRESSIVE;
				GCC_WARN_UNUSED_FUNCTION = YES;
				GCC_WARN_UNUSED_VARIABLE = YES;
				MACOSX_DEPLOYMENT_TARGET = 10.11;
				MTL_ENABLE_DEBUG_INFO = YES;
				ONLY_ACTIVE_ARCH = YES;
				SDKROOT = macosx;
			};
			name = Debug;
		};
		4587EDE01C64185B0064A816 /* Release */ = {
			isa = XCBuildConfiguration;
			buildSettings = {
				ALWAYS_SEARCH_USER_PATHS = NO;
				CLANG_CXX_LANGUAGE_STANDARD = "gnu++0x";
				CLANG_CXX_LIBRARY = "libc++";
				CLANG_ENABLE_MODULES = YES;
				CLANG_ENABLE_OBJC_ARC = YES;
				CLANG_WARN_BOOL_CONVERSION = YES;
				CLANG_WARN_CONSTANT_CONVERSION = YES;
				CLANG_WARN_DIRECT_OBJC_ISA_USAGE = YES_ERROR;
				CLANG_WARN_EMPTY_BODY = YES;
				CLANG_WARN_ENUM_CONVERSION = YES;
				CLANG_WARN_INT_CONVERSION = YES;
				CLANG_WARN_OBJC_ROOT_CLASS = YES_ERROR;
				CLANG_WARN_UNREACHABLE_CODE = YES;
				CLANG_WARN__DUPLICATE_METHOD_MATCH = YES;
				CODE_SIGN_IDENTITY = "-";
				COPY_PHASE_STRIP = NO;
				DEBUG_INFORMATION_FORMAT = "dwarf-with-dsym";
				ENABLE_NS_ASSERTIONS = NO;
				ENABLE_STRICT_OBJC_MSGSEND = YES;
				GCC_C_LANGUAGE_STANDARD = gnu99;
				GCC_NO_COMMON_BLOCKS = YES;
				GCC_WARN_64_TO_32_BIT_CONVERSION = YES;
				GCC_WARN_ABOUT_RETURN_TYPE = YES_ERROR;
				GCC_WARN_UNDECLARED_SELECTOR = YES;
				GCC_WARN_UNINITIALIZED_AUTOS = YES_AGGRESSIVE;
				GCC_WARN_UNUSED_FUNCTION = YES;
				GCC_WARN_UNUSED_VARIABLE = YES;
				MACOSX_DEPLOYMENT_TARGET = 10.11;
				MTL_ENABLE_DEBUG_INFO = NO;
				SDKROOT = macosx;
			};
			name = Release;
		};
		4587EDE21C64185B0064A816 /* Debug */ = {
			isa = XCBuildConfiguration;
			buildSettings = {
				ASSETCATALOG_COMPILER_APPICON_NAME = AppIcon;
				COMBINE_HIDPI_IMAGES = YES;
				INFOPLIST_FILE = "Mac Multi-Tool/Info.plist";
				LD_RUNPATH_SEARCH_PATHS = "$(inherited) @executable_path/../Frameworks";
				MACOSX_DEPLOYMENT_TARGET = 10.9;
				PRODUCT_BUNDLE_IDENTIFIER = "CorpNewt.Mac-Multi-Tool";
				PRODUCT_NAME = "$(TARGET_NAME)";
			};
			name = Debug;
		};
		4587EDE31C64185B0064A816 /* Release */ = {
			isa = XCBuildConfiguration;
			buildSettings = {
				ASSETCATALOG_COMPILER_APPICON_NAME = AppIcon;
				COMBINE_HIDPI_IMAGES = YES;
				INFOPLIST_FILE = "Mac Multi-Tool/Info.plist";
				LD_RUNPATH_SEARCH_PATHS = "$(inherited) @executable_path/../Frameworks";
				MACOSX_DEPLOYMENT_TARGET = 10.9;
				PRODUCT_BUNDLE_IDENTIFIER = "CorpNewt.Mac-Multi-Tool";
				PRODUCT_NAME = "$(TARGET_NAME)";
			};
			name = Release;
		};
		4587EDE51C64185B0064A816 /* Debug */ = {
			isa = XCBuildConfiguration;
			buildSettings = {
				BUNDLE_LOADER = "$(TEST_HOST)";
				COMBINE_HIDPI_IMAGES = YES;
				INFOPLIST_FILE = "Mac Multi-ToolTests/Info.plist";
				LD_RUNPATH_SEARCH_PATHS = "$(inherited) @executable_path/../Frameworks @loader_path/../Frameworks";
				PRODUCT_BUNDLE_IDENTIFIER = "CorpNewt.Mac-Multi-ToolTests";
				PRODUCT_NAME = "$(TARGET_NAME)";
				TEST_HOST = "$(BUILT_PRODUCTS_DIR)/Mac Multi-Tool.app/Contents/MacOS/Mac Multi-Tool";
			};
			name = Debug;
		};
		4587EDE61C64185B0064A816 /* Release */ = {
			isa = XCBuildConfiguration;
			buildSettings = {
				BUNDLE_LOADER = "$(TEST_HOST)";
				COMBINE_HIDPI_IMAGES = YES;
				INFOPLIST_FILE = "Mac Multi-ToolTests/Info.plist";
				LD_RUNPATH_SEARCH_PATHS = "$(inherited) @executable_path/../Frameworks @loader_path/../Frameworks";
				PRODUCT_BUNDLE_IDENTIFIER = "CorpNewt.Mac-Multi-ToolTests";
				PRODUCT_NAME = "$(TARGET_NAME)";
				TEST_HOST = "$(BUILT_PRODUCTS_DIR)/Mac Multi-Tool.app/Contents/MacOS/Mac Multi-Tool";
			};
			name = Release;
		};
		4587EDE81C64185B0064A816 /* Debug */ = {
			isa = XCBuildConfiguration;
			buildSettings = {
				COMBINE_HIDPI_IMAGES = YES;
				INFOPLIST_FILE = "Mac Multi-ToolUITests/Info.plist";
				LD_RUNPATH_SEARCH_PATHS = "$(inherited) @executable_path/../Frameworks @loader_path/../Frameworks";
				PRODUCT_BUNDLE_IDENTIFIER = "CorpNewt.Mac-Multi-ToolUITests";
				PRODUCT_NAME = "$(TARGET_NAME)";
				TEST_TARGET_NAME = "Mac Multi-Tool";
				USES_XCTRUNNER = YES;
			};
			name = Debug;
		};
		4587EDE91C64185B0064A816 /* Release */ = {
			isa = XCBuildConfiguration;
			buildSettings = {
				COMBINE_HIDPI_IMAGES = YES;
				INFOPLIST_FILE = "Mac Multi-ToolUITests/Info.plist";
				LD_RUNPATH_SEARCH_PATHS = "$(inherited) @executable_path/../Frameworks @loader_path/../Frameworks";
				PRODUCT_BUNDLE_IDENTIFIER = "CorpNewt.Mac-Multi-ToolUITests";
				PRODUCT_NAME = "$(TARGET_NAME)";
				TEST_TARGET_NAME = "Mac Multi-Tool";
				USES_XCTRUNNER = YES;
			};
			name = Release;
		};
/* End XCBuildConfiguration section */

/* Begin XCConfigurationList section */
		4587EDB21C64185B0064A816 /* Build configuration list for PBXProject "Mac Multi-Tool" */ = {
			isa = XCConfigurationList;
			buildConfigurations = (
				4587EDDF1C64185B0064A816 /* Debug */,
				4587EDE01C64185B0064A816 /* Release */,
			);
			defaultConfigurationIsVisible = 0;
			defaultConfigurationName = Release;
		};
		4587EDE11C64185B0064A816 /* Build configuration list for PBXNativeTarget "Mac Multi-Tool" */ = {
			isa = XCConfigurationList;
			buildConfigurations = (
				4587EDE21C64185B0064A816 /* Debug */,
				4587EDE31C64185B0064A816 /* Release */,
			);
			defaultConfigurationIsVisible = 0;
			defaultConfigurationName = Release;
		};
		4587EDE41C64185B0064A816 /* Build configuration list for PBXNativeTarget "Mac Multi-ToolTests" */ = {
			isa = XCConfigurationList;
			buildConfigurations = (
				4587EDE51C64185B0064A816 /* Debug */,
				4587EDE61C64185B0064A816 /* Release */,
			);
			defaultConfigurationIsVisible = 0;
			defaultConfigurationName = Release;
		};
		4587EDE71C64185B0064A816 /* Build configuration list for PBXNativeTarget "Mac Multi-ToolUITests" */ = {
			isa = XCConfigurationList;
			buildConfigurations = (
				4587EDE81C64185B0064A816 /* Debug */,
				4587EDE91C64185B0064A816 /* Release */,
			);
			defaultConfigurationIsVisible = 0;
			defaultConfigurationName = Release;
		};
/* End XCConfigurationList section */
	};
	rootObject = 4587EDAF1C64185B0064A816 /* Project object */;
}
